
Microsoft Visual Studio Solution File, Format Version 12.00
# Visual Studio Version 17
VisualStudioVersion = 17.1.32421.90
MinimumVisualStudioVersion = 10.0.40219.1
Project("{FAE04EC0-301F-11D3-BF4B-00C04F79EFBC}") = "Deber2Morocho.Android", "Deber2Morocho.Android\Deber2Morocho.Android.csproj", "{A9807B72-B042-4033-ABAF-C26C4448C3C9}"
EndProject
Project("{FAE04EC0-301F-11D3-BF4B-00C04F79EFBC}") = "Deber2Morocho.iOS", "Deber2Morocho.iOS\Deber2Morocho.iOS.csproj", "{21EAF702-FBC4-436F-86C0-48B1A98393A1}"
EndProject
Project("{FAE04EC0-301F-11D3-BF4B-00C04F79EFBC}") = "Deber2Morocho", "Deber2Morocho\Deber2Morocho.csproj", "{CF834199-D79F-4759-852D-02DBBCC7B818}"
EndProject
Global
	GlobalSection(SolutionConfigurationPlatforms) = preSolution
		Debug|Any CPU = Debug|Any CPU
		Debug|iPhone = Debug|iPhone
		Debug|iPhoneSimulator = Debug|iPhoneSimulator
		Release|Any CPU = Release|Any CPU
		Release|iPhone = Release|iPhone
		Release|iPhoneSimulator = Release|iPhoneSimulator
	EndGlobalSection
	GlobalSection(ProjectConfigurationPlatforms) = postSolution
		{A9807B72-B042-4033-ABAF-C26C4448C3C9}.Debug|Any CPU.ActiveCfg = Debug|Any CPU
		{A9807B72-B042-4033-ABAF-C26C4448C3C9}.Debug|Any CPU.Build.0 = Debug|Any CPU
		{A9807B72-B042-4033-ABAF-C26C4448C3C9}.Debug|Any CPU.Deploy.0 = Debug|Any CPU
		{A9807B72-B042-4033-ABAF-C26C4448C3C9}.Debug|iPhone.ActiveCfg = Debug|Any CPU
		{A9807B72-B042-4033-ABAF-C26C4448C3C9}.Debug|iPhone.Build.0 = Debug|Any CPU
		{A9807B72-B042-4033-ABAF-C26C4448C3C9}.Debug|iPhone.Deploy.0 = Debug|Any CPU
		{A9807B72-B042-4033-ABAF-C26C4448C3C9}.Debug|iPhoneSimulator.ActiveCfg = Debug|Any CPU
		{A9807B72-B042-4033-ABAF-C26C4448C3C9}.Debug|iPhoneSimulator.Build.0 = Debug|Any CPU
		{A9807B72-B042-4033-ABAF-C26C4448C3C9}.Debug|iPhoneSimulator.Deploy.0 = Debug|Any CPU
		{A9807B72-B042-4033-ABAF-C26C4448C3C9}.Release|Any CPU.ActiveCfg = Release|Any CPU
		{A9807B72-B042-4033-ABAF-C26C4448C3C9}.Release|Any CPU.Build.0 = Release|Any CPU
		{A9807B72-B042-4033-ABAF-C26C4448C3C9}.Release|Any CPU.Deploy.0 = Release|Any CPU
		{A9807B72-B042-4033-ABAF-C26C4448C3C9}.Release|iPhone.ActiveCfg = Release|Any CPU
		{A9807B72-B042-4033-ABAF-C26C4448C3C9}.Release|iPhone.Build.0 = Release|Any CPU
		{A9807B72-B042-4033-ABAF-C26C4448C3C9}.Release|iPhone.Deploy.0 = Release|Any CPU
		{A9807B72-B042-4033-ABAF-C26C4448C3C9}.Release|iPhoneSimulator.ActiveCfg = Release|Any CPU
		{A9807B72-B042-4033-ABAF-C26C4448C3C9}.Release|iPhoneSimulator.Build.0 = Release|Any CPU
		{A9807B72-B042-4033-ABAF-C26C4448C3C9}.Release|iPhoneSimulator.Deploy.0 = Release|Any CPU
		{21EAF702-FBC4-436F-86C0-48B1A98393A1}.Debug|Any CPU.ActiveCfg = Debug|iPhone
		{21EAF702-FBC4-436F-86C0-48B1A98393A1}.Debug|Any CPU.Build.0 = Debug|iPhone
		{21EAF702-FBC4-436F-86C0-48B1A98393A1}.Debug|Any CPU.Deploy.0 = Debug|iPhone
		{21EAF702-FBC4-436F-86C0-48B1A98393A1}.Debug|iPhone.ActiveCfg = Debug|iPhone
		{21EAF702-FBC4-436F-86C0-48B1A98393A1}.Debug|iPhone.Build.0 = Debug|iPhone
		{21EAF702-FBC4-436F-86C0-48B1A98393A1}.Debug|iPhone.Deploy.0 = Debug|iPhone
		{21EAF702-FBC4-436F-86C0-48B1A98393A1}.Debug|iPhoneSimulator.ActiveCfg = Debug|iPhoneSimulator
		{21EAF702-FBC4-436F-86C0-48B1A98393A1}.Debug|iPhoneSimulator.Build.0 = Debug|iPhoneSimulator
		{21EAF702-FBC4-436F-86C0-48B1A98393A1}.Debug|iPhoneSimulator.Deploy.0 = Debug|iPhoneSimulator
		{21EAF702-FBC4-436F-86C0-48B1A98393A1}.Release|Any CPU.ActiveCfg = Release|iPhoneSimulator
		{21EAF702-FBC4-436F-86C0-48B1A98393A1}.Release|Any CPU.Build.0 = Release|iPhoneSimulator
		{21EAF702-FBC4-436F-86C0-48B1A98393A1}.Release|Any CPU.Deploy.0 = Release|iPhoneSimulator
		{21EAF702-FBC4-436F-86C0-48B1A98393A1}.Release|iPhone.ActiveCfg = Release|iPhone
		{21EAF702-FBC4-436F-86C0-48B1A98393A1}.Release|iPhone.Build.0 = Release|iPhone
		{21EAF702-FBC4-436F-86C0-48B1A98393A1}.Release|iPhone.Deploy.0 = Release|iPhone
		{21EAF702-FBC4-436F-86C0-48B1A98393A1}.Release|iPhoneSimulator.ActiveCfg = Release|iPhoneSimulator
		{21EAF702-FBC4-436F-86C0-48B1A98393A1}.Release|iPhoneSimulator.Build.0 = Release|iPhoneSimulator
		{21EAF702-FBC4-436F-86C0-48B1A98393A1}.Release|iPhoneSimulator.Deploy.0 = Release|iPhoneSimulator
		{CF834199-D79F-4759-852D-02DBBCC7B818}.Debug|Any CPU.ActiveCfg = Debug|Any CPU
		{CF834199-D79F-4759-852D-02DBBCC7B818}.Debug|Any CPU.Build.0 = Debug|Any CPU
		{CF834199-D79F-4759-852D-02DBBCC7B818}.Debug|Any CPU.Deploy.0 = Debug|Any CPU
		{CF834199-D79F-4759-852D-02DBBCC7B818}.Debug|iPhone.ActiveCfg = Debug|Any CPU
		{CF834199-D79F-4759-852D-02DBBCC7B818}.Debug|iPhone.Build.0 = Debug|Any CPU
		{CF834199-D79F-4759-852D-02DBBCC7B818}.Debug|iPhone.Deploy.0 = Debug|Any CPU
		{CF834199-D79F-4759-852D-02DBBCC7B818}.Debug|iPhoneSimulator.ActiveCfg = Debug|Any CPU
		{CF834199-D79F-4759-852D-02DBBCC7B818}.Debug|iPhoneSimulator.Build.0 = Debug|Any CPU
		{CF834199-D79F-4759-852D-02DBBCC7B818}.Debug|iPhoneSimulator.Deploy.0 = Debug|Any CPU
		{CF834199-D79F-4759-852D-02DBBCC7B818}.Release|Any CPU.ActiveCfg = Release|Any CPU
		{CF834199-D79F-4759-852D-02DBBCC7B818}.Release|Any CPU.Build.0 = Release|Any CPU
		{CF834199-D79F-4759-852D-02DBBCC7B818}.Release|Any CPU.Deploy.0 = Release|Any CPU
		{CF834199-D79F-4759-852D-02DBBCC7B818}.Release|iPhone.ActiveCfg = Release|Any CPU
		{CF834199-D79F-4759-852D-02DBBCC7B818}.Release|iPhone.Build.0 = Release|Any CPU
		{CF834199-D79F-4759-852D-02DBBCC7B818}.Release|iPhone.Deploy.0 = Release|Any CPU
		{CF834199-D79F-4759-852D-02DBBCC7B818}.Release|iPhoneSimulator.ActiveCfg = Release|Any CPU
		{CF834199-D79F-4759-852D-02DBBCC7B818}.Release|iPhoneSimulator.Build.0 = Release|Any CPU
		{CF834199-D79F-4759-852D-02DBBCC7B818}.Release|iPhoneSimulator.Deploy.0 = Release|Any CPU
	EndGlobalSection
	GlobalSection(SolutionProperties) = preSolution
		HideSolutionNode = FALSE
	EndGlobalSection
	GlobalSection(ExtensibilityGlobals) = postSolution
		SolutionGuid = {29EAD035-3D4E-4182-AD68-72C8FB8953AA}
	EndGlobalSection
EndGlobal
